
Microsoft Visual Studio Solution File, Format Version 12.00
# Visual Studio 15
VisualStudioVersion = 15.0.28010.2050
MinimumVisualStudioVersion = 10.0.40219.1
Project("{9A19103F-16F7-4668-BE54-9A1E7A4F7556}") = "Projeto2List.Api", "Projeto2List.Api\Projeto2List.Api.csproj", "{4676F3C0-6C29-4617-BFBC-13C1367A0E57}"
EndProject
Global
	GlobalSection(SolutionConfigurationPlatforms) = preSolution
		Debug|Any CPU = Debug|Any CPU
		Release|Any CPU = Release|Any CPU
	EndGlobalSection
	GlobalSection(ProjectConfigurationPlatforms) = postSolution
		{4676F3C0-6C29-4617-BFBC-13C1367A0E57}.Debug|Any CPU.ActiveCfg = Debug|Any CPU
		{4676F3C0-6C29-4617-BFBC-13C1367A0E57}.Debug|Any CPU.Build.0 = Debug|Any CPU
		{4676F3C0-6C29-4617-BFBC-13C1367A0E57}.Release|Any CPU.ActiveCfg = Release|Any CPU
		{4676F3C0-6C29-4617-BFBC-13C1367A0E57}.Release|Any CPU.Build.0 = Release|Any CPU
	EndGlobalSection
	GlobalSection(SolutionProperties) = preSolution
		HideSolutionNode = FALSE
	EndGlobalSection
	GlobalSection(ExtensibilityGlobals) = postSolution
		SolutionGuid = {4A59535E-B1EF-4D53-A791-9AFD5E2F2411}
	EndGlobalSection
EndGlobal
